// !$*UTF8*$!
{
	archiveVersion = 1;
	classes = {
	};
	objectVersion = 46;
	objects = {

/* Begin PBXBuildFile section */
		F0456BC01D11DC4F00F62118 /* AppDelegate.swift in Sources */ = {isa = PBXBuildFile; fileRef = F0456BBF1D11DC4F00F62118 /* AppDelegate.swift */; };
		F0456BC21D11DC4F00F62118 /* ViewController.swift in Sources */ = {isa = PBXBuildFile; fileRef = F0456BC11D11DC4F00F62118 /* ViewController.swift */; };
		F0456BC51D11DC4F00F62118 /* Main.storyboard in Resources */ = {isa = PBXBuildFile; fileRef = F0456BC31D11DC4F00F62118 /* Main.storyboard */; };
		F0456BC71D11DC4F00F62118 /* Assets.xcassets in Resources */ = {isa = PBXBuildFile; fileRef = F0456BC61D11DC4F00F62118 /* Assets.xcassets */; };
		F0456BCA1D11DC4F00F62118 /* LaunchScreen.storyboard in Resources */ = {isa = PBXBuildFile; fileRef = F0456BC81D11DC4F00F62118 /* LaunchScreen.storyboard */; };
		F0456BD51D11DC4F00F62118 /* FlixTests.swift in Sources */ = {isa = PBXBuildFile; fileRef = F0456BD41D11DC4F00F62118 /* FlixTests.swift */; };
		F0456BE01D11DC4F00F62118 /* FlixUITests.swift in Sources */ = {isa = PBXBuildFile; fileRef = F0456BDF1D11DC4F00F62118 /* FlixUITests.swift */; };
/* End PBXBuildFile section */

/* Begin PBXContainerItemProxy section */
		F0456BD11D11DC4F00F62118 /* PBXContainerItemProxy */ = {
			isa = PBXContainerItemProxy;
			containerPortal = F0456BB41D11DC4F00F62118 /* Project object */;
			proxyType = 1;
			remoteGlobalIDString = F0456BBB1D11DC4F00F62118;
			remoteInfo = Flix;
		};
		F0456BDC1D11DC4F00F62118 /* PBXContainerItemProxy */ = {
			isa = PBXContainerItemProxy;
			containerPortal = F0456BB41D11DC4F00F62118 /* Project object */;
			proxyType = 1;
			remoteGlobalIDString = F0456BBB1D11DC4F00F62118;
			remoteInfo = Flix;
		};
/* End PBXContainerItemProxy section */

/* Begin PBXFileReference section */
		F0456BBC1D11DC4F00F62118 /* Flix.app */ = {isa = PBXFileReference; explicitFileType = wrapper.application; includeInIndex = 0; path = Flix.app; sourceTree = BUILT_PRODUCTS_DIR; };
		F0456BBF1D11DC4F00F62118 /* AppDelegate.swift */ = {isa = PBXFileReference; lastKnownFileType = sourcecode.swift; path = AppDelegate.swift; sourceTree = "<group>"; };
		F0456BC11D11DC4F00F62118 /* ViewController.swift */ = {isa = PBXFileReference; lastKnownFileType = sourcecode.swift; path = ViewController.swift; sourceTree = "<group>"; };
		F0456BC41D11DC4F00F62118 /* Base */ = {isa = PBXFileReference; lastKnownFileType = file.storyboard; name = Base; path = Base.lproj/Main.storyboard; sourceTree = "<group>"; };
		F0456BC61D11DC4F00F62118 /* Assets.xcassets */ = {isa = PBXFileReference; lastKnownFileType = folder.assetcatalog; path = Assets.xcassets; sourceTree = "<group>"; };
		F0456BC91D11DC4F00F62118 /* Base */ = {isa = PBXFileReference; lastKnownFileType = file.storyboard; name = Base; path = Base.lproj/LaunchScreen.storyboard; sourceTree = "<group>"; };
		F0456BCB1D11DC4F00F62118 /* Info.plist */ = {isa = PBXFileReference; lastKnownFileType = text.plist.xml; path = Info.plist; sourceTree = "<group>"; };
		F0456BD01D11DC4F00F62118 /* FlixTests.xctest */ = {isa = PBXFileReference; explicitFileType = wrapper.cfbundle; includeInIndex = 0; path = FlixTests.xctest; sourceTree = BUILT_PRODUCTS_DIR; };
		F0456BD41D11DC4F00F62118 /* FlixTests.swift */ = {isa = PBXFileReference; lastKnownFileType = sourcecode.swift; path = FlixTests.swift; sourceTree = "<group>"; };
		F0456BD61D11DC4F00F62118 /* Info.plist */ = {isa = PBXFileReference; lastKnownFileType = text.plist.xml; path = Info.plist; sourceTree = "<group>"; };
		F0456BDB1D11DC4F00F62118 /* FlixUITests.xctest */ = {isa = PBXFileReference; explicitFileType = wrapper.cfbundle; includeInIndex = 0; path = FlixUITests.xctest; sourceTree = BUILT_PRODUCTS_DIR; };
		F0456BDF1D11DC4F00F62118 /* FlixUITests.swift */ = {isa = PBXFileReference; lastKnownFileType = sourcecode.swift; path = FlixUITests.swift; sourceTree = "<group>"; };
		F0456BE11D11DC4F00F62118 /* Info.plist */ = {isa = PBXFileReference; lastKnownFileType = text.plist.xml; path = Info.plist; sourceTree = "<group>"; };
/* End PBXFileReference section */

/* Begin PBXFrameworksBuildPhase section */
		F0456BB91D11DC4F00F62118 /* Frameworks */ = {
			isa = PBXFrameworksBuildPhase;
			buildActionMask = 2147483647;
			files = (
			);
			runOnlyForDeploymentPostprocessing = 0;
		};
		F0456BCD1D11DC4F00F62118 /* Frameworks */ = {
			isa = PBXFrameworksBuildPhase;
			buildActionMask = 2147483647;
			files = (
			);
			runOnlyForDeploymentPostprocessing = 0;
		};
		F0456BD81D11DC4F00F62118 /* Frameworks */ = {
			isa = PBXFrameworksBuildPhase;
			buildActionMask = 2147483647;
			files = (
			);
			runOnlyForDeploymentPostprocessing = 0;
		};
/* End PBXFrameworksBuildPhase section */

/* Begin PBXGroup section */
		F0456BB31D11DC4F00F62118 = {
			isa = PBXGroup;
			children = (
				F0456BBE1D11DC4F00F62118 /* Flix */,
				F0456BD31D11DC4F00F62118 /* FlixTests */,
				F0456BDE1D11DC4F00F62118 /* FlixUITests */,
				F0456BBD1D11DC4F00F62118 /* Products */,
			);
			sourceTree = "<group>";
		};
		F0456BBD1D11DC4F00F62118 /* Products */ = {
			isa = PBXGroup;
			children = (
				F0456BBC1D11DC4F00F62118 /* Flix.app */,
				F0456BD01D11DC4F00F62118 /* FlixTests.xctest */,
				F0456BDB1D11DC4F00F62118 /* FlixUITests.xctest */,
			);
			name = Products;
			sourceTree = "<group>";
		};
		F0456BBE1D11DC4F00F62118 /* Flix */ = {
			isa = PBXGroup;
			children = (
				F0456BBF1D11DC4F00F62118 /* AppDelegate.swift */,
				F0456BC11D11DC4F00F62118 /* ViewController.swift */,
				F0456BC31D11DC4F00F62118 /* Main.storyboard */,
				F0456BC61D11DC4F00F62118 /* Assets.xcassets */,
				F0456BC81D11DC4F00F62118 /* LaunchScreen.storyboard */,
				F0456BCB1D11DC4F00F62118 /* Info.plist */,
			);
			path = Flix;
			sourceTree = "<group>";
		};
		F0456BD31D11DC4F00F62118 /* FlixTests */ = {
			isa = PBXGroup;
			children = (
				F0456BD41D11DC4F00F62118 /* FlixTests.swift */,
				F0456BD61D11DC4F00F62118 /* Info.plist */,
			);
			path = FlixTests;
			sourceTree = "<group>";
		};
		F0456BDE1D11DC4F00F62118 /* FlixUITests */ = {
			isa = PBXGroup;
			children = (
				F0456BDF1D11DC4F00F62118 /* FlixUITests.swift */,
				F0456BE11D11DC4F00F62118 /* Info.plist */,
			);
			path = FlixUITests;
			sourceTree = "<group>";
		};
/* End PBXGroup section */

/* Begin PBXNativeTarget section */
		F0456BBB1D11DC4F00F62118 /* Flix */ = {
			isa = PBXNativeTarget;
			buildConfigurationList = F0456BE41D11DC4F00F62118 /* Build configuration list for PBXNativeTarget "Flix" */;
			buildPhases = (
				F0456BB81D11DC4F00F62118 /* Sources */,
				F0456BB91D11DC4F00F62118 /* Frameworks */,
				F0456BBA1D11DC4F00F62118 /* Resources */,
			);
			buildRules = (
			);
			dependencies = (
			);
			name = Flix;
			productName = Flix;
			productReference = F0456BBC1D11DC4F00F62118 /* Flix.app */;
			productType = "com.apple.product-type.application";
		};
		F0456BCF1D11DC4F00F62118 /* FlixTests */ = {
			isa = PBXNativeTarget;
			buildConfigurationList = F0456BE71D11DC4F00F62118 /* Build configuration list for PBXNativeTarget "FlixTests" */;
			buildPhases = (
				F0456BCC1D11DC4F00F62118 /* Sources */,
				F0456BCD1D11DC4F00F62118 /* Frameworks */,
				F0456BCE1D11DC4F00F62118 /* Resources */,
			);
			buildRules = (
			);
			dependencies = (
				F0456BD21D11DC4F00F62118 /* PBXTargetDependency */,
			);
			name = FlixTests;
			productName = FlixTests;
			productReference = F0456BD01D11DC4F00F62118 /* FlixTests.xctest */;
			productType = "com.apple.product-type.bundle.unit-test";
		};
		F0456BDA1D11DC4F00F62118 /* FlixUITests */ = {
			isa = PBXNativeTarget;
			buildConfigurationList = F0456BEA1D11DC4F00F62118 /* Build configuration list for PBXNativeTarget "FlixUITests" */;
			buildPhases = (
				F0456BD71D11DC4F00F62118 /* Sources */,
				F0456BD81D11DC4F00F62118 /* Frameworks */,
				F0456BD91D11DC4F00F62118 /* Resources */,
			);
			buildRules = (
			);
			dependencies = (
				F0456BDD1D11DC4F00F62118 /* PBXTargetDependency */,
			);
			name = FlixUITests;
			productName = FlixUITests;
			productReference = F0456BDB1D11DC4F00F62118 /* FlixUITests.xctest */;
			productType = "com.apple.product-type.bundle.ui-testing";
		};
/* End PBXNativeTarget section */

/* Begin PBXProject section */
		F0456BB41D11DC4F00F62118 /* Project object */ = {
			isa = PBXProject;
			attributes = {
				LastSwiftUpdateCheck = 0730;
				LastUpgradeCheck = 0730;
				ORGANIZATIONNAME = "Grace Kotick";
				TargetAttributes = {
					F0456BBB1D11DC4F00F62118 = {
						CreatedOnToolsVersion = 7.3.1;
					};
					F0456BCF1D11DC4F00F62118 = {
						CreatedOnToolsVersion = 7.3.1;
						TestTargetID = F0456BBB1D11DC4F00F62118;
					};
					F0456BDA1D11DC4F00F62118 = {
						CreatedOnToolsVersion = 7.3.1;
						TestTargetID = F0456BBB1D11DC4F00F62118;
					};
				};
			};
			buildConfigurationList = F0456BB71D11DC4F00F62118 /* Build configuration list for PBXProject "Flix" */;
			compatibilityVersion = "Xcode 3.2";
			developmentRegion = English;
			hasScannedForEncodings = 0;
			knownRegions = (
				en,
				Base,
			);
			mainGroup = F0456BB31D11DC4F00F62118;
			productRefGroup = F0456BBD1D11DC4F00F62118 /* Products */;
			projectDirPath = "";
			projectRoot = "";
			targets = (
				F0456BBB1D11DC4F00F62118 /* Flix */,
				F0456BCF1D11DC4F00F62118 /* FlixTests */,
				F0456BDA1D11DC4F00F62118 /* FlixUITests */,
			);
		};
/* End PBXProject section */

/* Begin PBXResourcesBuildPhase section */
		F0456BBA1D11DC4F00F62118 /* Resources */ = {
			isa = PBXResourcesBuildPhase;
			buildActionMask = 2147483647;
			files = (
				F0456BCA1D11DC4F00F62118 /* LaunchScreen.storyboard in Resources */,
				F0456BC71D11DC4F00F62118 /* Assets.xcassets in Resources */,
				F0456BC51D11DC4F00F62118 /* Main.storyboard in Resources */,
			);
			runOnlyForDeploymentPostprocessing = 0;
		};
		F0456BCE1D11DC4F00F62118 /* Resources */ = {
			isa = PBXResourcesBuildPhase;
			buildActionMask = 2147483647;
			files = (
			);
			runOnlyForDeploymentPostprocessing = 0;
		};
		F0456BD91D11DC4F00F62118 /* Resources */ = {
			isa = PBXResourcesBuildPhase;
			buildActionMask = 2147483647;
			files = (
			);
			runOnlyForDeploymentPostprocessing = 0;
		};
/* End PBXResourcesBuildPhase section */

/* Begin PBXSourcesBuildPhase section */
		F0456BB81D11DC4F00F62118 /* Sources */ = {
			isa = PBXSourcesBuildPhase;
			buildActionMask = 2147483647;
			files = (
				F0456BC21D11DC4F00F62118 /* ViewController.swift in Sources */,
				F0456BC01D11DC4F00F62118 /* AppDelegate.swift in Sources */,
			);
			runOnlyForDeploymentPostprocessing = 0;
		};
		F0456BCC1D11DC4F00F62118 /* Sources */ = {
			isa = PBXSourcesBuildPhase;
			buildActionMask = 2147483647;
			files = (
				F0456BD51D11DC4F00F62118 /* FlixTests.swift in Sources */,
			);
			runOnlyForDeploymentPostprocessing = 0;
		};
		F0456BD71D11DC4F00F62118 /* Sources */ = {
			isa = PBXSourcesBuildPhase;
			buildActionMask = 2147483647;
			files = (
				F0456BE01D11DC4F00F62118 /* FlixUITests.swift in Sources */,
			);
			runOnlyForDeploymentPostprocessing = 0;
		};
/* End PBXSourcesBuildPhase section */

/* Begin PBXTargetDependency section */
		F0456BD21D11DC4F00F62118 /* PBXTargetDependency */ = {
			isa = PBXTargetDependency;
			target = F0456BBB1D11DC4F00F62118 /* Flix */;
			targetProxy = F0456BD11D11DC4F00F62118 /* PBXContainerItemProxy */;
		};
		F0456BDD1D11DC4F00F62118 /* PBXTargetDependency */ = {
			isa = PBXTargetDependency;
			target = F0456BBB1D11DC4F00F62118 /* Flix */;
			targetProxy = F0456BDC1D11DC4F00F62118 /* PBXContainerItemProxy */;
		};
/* End PBXTargetDependency section */

/* Begin PBXVariantGroup section */
		F0456BC31D11DC4F00F62118 /* Main.storyboard */ = {
			isa = PBXVariantGroup;
			children = (
				F0456BC41D11DC4F00F62118 /* Base */,
			);
			name = Main.storyboard;
			sourceTree = "<group>";
		};
		F0456BC81D11DC4F00F62118 /* LaunchScreen.storyboard */ = {
			isa = PBXVariantGroup;
			children = (
				F0456BC91D11DC4F00F62118 /* Base */,
			);
			name = LaunchScreen.storyboard;
			sourceTree = "<group>";
		};
/* End PBXVariantGroup section */

/* Begin XCBuildConfiguration section */
		F0456BE21D11DC4F00F62118 /* Debug */ = {
			isa = XCBuildConfiguration;
			buildSettings = {
				ALWAYS_SEARCH_USER_PATHS = NO;
				CLANG_ANALYZER_NONNULL = YES;
				CLANG_CXX_LANGUAGE_STANDARD = "gnu++0x";
				CLANG_CXX_LIBRARY = "libc++";
				CLANG_ENABLE_MODULES = YES;
				CLANG_ENABLE_OBJC_ARC = YES;
				CLANG_WARN_BOOL_CONVERSION = YES;
				CLANG_WARN_CONSTANT_CONVERSION = YES;
				CLANG_WARN_DIRECT_OBJC_ISA_USAGE = YES_ERROR;
				CLANG_WARN_EMPTY_BODY = YES;
				CLANG_WARN_ENUM_CONVERSION = YES;
				CLANG_WARN_INT_CONVERSION = YES;
				CLANG_WARN_OBJC_ROOT_CLASS = YES_ERROR;
				CLANG_WARN_UNREACHABLE_CODE = YES;
				CLANG_WARN__DUPLICATE_METHOD_MATCH = YES;
				"CODE_SIGN_IDENTITY[sdk=iphoneos*]" = "iPhone Developer";
				COPY_PHASE_STRIP = NO;
				DEBUG_INFORMATION_FORMAT = dwarf;
				ENABLE_STRICT_OBJC_MSGSEND = YES;
				ENABLE_TESTABILITY = YES;
				GCC_C_LANGUAGE_STANDARD = gnu99;
				GCC_DYNAMIC_NO_PIC = NO;
				GCC_NO_COMMON_BLOCKS = YES;
				GCC_OPTIMIZATION_LEVEL = 0;
				GCC_PREPROCESSOR_DEFINITIONS = (
					"DEBUG=1",
					"$(inherited)",
				);
				GCC_WARN_64_TO_32_BIT_CONVERSION = YES;
				GCC_WARN_ABOUT_RETURN_TYPE = YES_ERROR;
				GCC_WARN_UNDECLARED_SELECTOR = YES;
				GCC_WARN_UNINITIALIZED_AUTOS = YES_AGGRESSIVE;
				GCC_WARN_UNUSED_FUNCTION = YES;
				GCC_WARN_UNUSED_VARIABLE = YES;
				IPHONEOS_DEPLOYMENT_TARGET = 9.3;
				MTL_ENABLE_DEBUG_INFO = YES;
				ONLY_ACTIVE_ARCH = YES;
				SDKROOT = iphoneos;
				SWIFT_OPTIMIZATION_LEVEL = "-Onone";
			};
			name = Debug;
		};
		F0456BE31D11DC4F00F62118 /* Release */ = {
			isa = XCBuildConfiguration;
			buildSettings = {
				ALWAYS_SEARCH_USER_PATHS = NO;
				CLANG_ANALYZER_NONNULL = YES;
				CLANG_CXX_LANGUAGE_STANDARD = "gnu++0x";
				CLANG_CXX_LIBRARY = "libc++";
				CLANG_ENABLE_MODULES = YES;
				CLANG_ENABLE_OBJC_ARC = YES;
				CLANG_WARN_BOOL_CONVERSION = YES;
				CLANG_WARN_CONSTANT_CONVERSION = YES;
				CLANG_WARN_DIRECT_OBJC_ISA_USAGE = YES_ERROR;
				CLANG_WARN_EMPTY_BODY = YES;
				CLANG_WARN_ENUM_CONVERSION = YES;
				CLANG_WARN_INT_CONVERSION = YES;
				CLANG_WARN_OBJC_ROOT_CLASS = YES_ERROR;
				CLANG_WARN_UNREACHABLE_CODE = YES;
				CLANG_WARN__DUPLICATE_METHOD_MATCH = YES;
				"CODE_SIGN_IDENTITY[sdk=iphoneos*]" = "iPhone Developer";
				COPY_PHASE_STRIP = NO;
				DEBUG_INFORMATION_FORMAT = "dwarf-with-dsym";
				ENABLE_NS_ASSERTIONS = NO;
				ENABLE_STRICT_OBJC_MSGSEND = YES;
				GCC_C_LANGUAGE_STANDARD = gnu99;
				GCC_NO_COMMON_BLOCKS = YES;
				GCC_WARN_64_TO_32_BIT_CONVERSION = YES;
				GCC_WARN_ABOUT_RETURN_TYPE = YES_ERROR;
				GCC_WARN_UNDECLARED_SELECTOR = YES;
				GCC_WARN_UNINITIALIZED_AUTOS = YES_AGGRESSIVE;
				GCC_WARN_UNUSED_FUNCTION = YES;
				GCC_WARN_UNUSED_VARIABLE = YES;
				IPHONEOS_DEPLOYMENT_TARGET = 9.3;
				MTL_ENABLE_DEBUG_INFO = NO;
				SDKROOT = iphoneos;
				VALIDATE_PRODUCT = YES;
			};
			name = Release;
		};
		F0456BE51D11DC4F00F62118 /* Debug */ = {
			isa = XCBuildConfiguration;
			buildSettings = {
				ASSETCATALOG_COMPILER_APPICON_NAME = AppIcon;
				INFOPLIST_FILE = Flix/Info.plist;
				LD_RUNPATH_SEARCH_PATHS = "$(inherited) @executable_path/Frameworks";
				PRODUCT_BUNDLE_IDENTIFIER = com.facebook.Flix;
				PRODUCT_NAME = "$(TARGET_NAME)";
			};
			name = Debug;
		};
		F0456BE61D11DC4F00F62118 /* Release */ = {
			isa = XCBuildConfiguration;
			buildSettings = {
				ASSETCATALOG_COMPILER_APPICON_NAME = AppIcon;
				INFOPLIST_FILE = Flix/Info.plist;
				LD_RUNPATH_SEARCH_PATHS = "$(inherited) @executable_path/Frameworks";
				PRODUCT_BUNDLE_IDENTIFIER = com.facebook.Flix;
				PRODUCT_NAME = "$(TARGET_NAME)";
			};
			name = Release;
		};
		F0456BE81D11DC4F00F62118 /* Debug */ = {
			isa = XCBuildConfiguration;
			buildSettings = {
				BUNDLE_LOADER = "$(TEST_HOST)";
				INFOPLIST_FILE = FlixTests/Info.plist;
				LD_RUNPATH_SEARCH_PATHS = "$(inherited) @executable_path/Frameworks @loader_path/Frameworks";
				PRODUCT_BUNDLE_IDENTIFIER = com.facebook.FlixTests;
				PRODUCT_NAME = "$(TARGET_NAME)";
				TEST_HOST = "$(BUILT_PRODUCTS_DIR)/Flix.app/Flix";
			};
			name = Debug;
		};
		F0456BE91D11DC4F00F62118 /* Release */ = {
			isa = XCBuildConfiguration;
			buildSettings = {
				BUNDLE_LOADER = "$(TEST_HOST)";
				INFOPLIST_FILE = FlixTests/Info.plist;
				LD_RUNPATH_SEARCH_PATHS = "$(inherited) @executable_path/Frameworks @loader_path/Frameworks";
				PRODUCT_BUNDLE_IDENTIFIER = com.facebook.FlixTests;
				PRODUCT_NAME = "$(TARGET_NAME)";
				TEST_HOST = "$(BUILT_PRODUCTS_DIR)/Flix.app/Flix";
			};
			name = Release;
		};
		F0456BEB1D11DC4F00F62118 /* Debug */ = {
			isa = XCBuildConfiguration;
			buildSettings = {
				INFOPLIST_FILE = FlixUITests/Info.plist;
				LD_RUNPATH_SEARCH_PATHS = "$(inherited) @executable_path/Frameworks @loader_path/Frameworks";
				PRODUCT_BUNDLE_IDENTIFIER = com.facebook.FlixUITests;
				PRODUCT_NAME = "$(TARGET_NAME)";
				TEST_TARGET_NAME = Flix;
			};
			name = Debug;
		};
		F0456BEC1D11DC4F00F62118 /* Release */ = {
			isa = XCBuildConfiguration;
			buildSettings = {
				INFOPLIST_FILE = FlixUITests/Info.plist;
				LD_RUNPATH_SEARCH_PATHS = "$(inherited) @executable_path/Frameworks @loader_path/Frameworks";
				PRODUCT_BUNDLE_IDENTIFIER = com.facebook.FlixUITests;
				PRODUCT_NAME = "$(TARGET_NAME)";
				TEST_TARGET_NAME = Flix;
			};
			name = Release;
		};
/* End XCBuildConfiguration section */

/* Begin XCConfigurationList section */
		F0456BB71D11DC4F00F62118 /* Build configuration list for PBXProject "Flix" */ = {
			isa = XCConfigurationList;
			buildConfigurations = (
				F0456BE21D11DC4F00F62118 /* Debug */,
				F0456BE31D11DC4F00F62118 /* Release */,
			);
			defaultConfigurationIsVisible = 0;
			defaultConfigurationName = Release;
		};
		F0456BE41D11DC4F00F62118 /* Build configuration list for PBXNativeTarget "Flix" */ = {
			isa = XCConfigurationList;
			buildConfigurations = (
				F0456BE51D11DC4F00F62118 /* Debug */,
				F0456BE61D11DC4F00F62118 /* Release */,
			);
			defaultConfigurationIsVisible = 0;
		};
		F0456BE71D11DC4F00F62118 /* Build configuration list for PBXNativeTarget "FlixTests" */ = {
			isa = XCConfigurationList;
			buildConfigurations = (
				F0456BE81D11DC4F00F62118 /* Debug */,
				F0456BE91D11DC4F00F62118 /* Release */,
			);
			defaultConfigurationIsVisible = 0;
		};
		F0456BEA1D11DC4F00F62118 /* Build configuration list for PBXNativeTarget "FlixUITests" */ = {
			isa = XCConfigurationList;
			buildConfigurations = (
				F0456BEB1D11DC4F00F62118 /* Debug */,
				F0456BEC1D11DC4F00F62118 /* Release */,
			);
			defaultConfigurationIsVisible = 0;
		};
/* End XCConfigurationList section */
	};
	rootObject = F0456BB41D11DC4F00F62118 /* Project object */;
}
